<?xml version="1.0" encoding="utf-8"?>
<Project ToolsVersion="4.0" xmlns="http://schemas.microsoft.com/developer/msbuild/2003">
  <ItemGroup>
    <Filter Include="Header Files">
      <UniqueIdentifier>{4699f868-2e40-44be-ac83-c0144300ee0e}</UniqueIdentifier>
    </Filter>
    <Filter Include="Header Files\GameState">
      <UniqueIdentifier>{21a87558-939c-45dc-954b-cf124db9e6e5}</UniqueIdentifier>
    </Filter>
    <Filter Include="Header Files\BaseThreading">
      <UniqueIdentifier>{ff909252-9a2b-45fa-8ecc-ee04c987d4be}</UniqueIdentifier>
    </Filter>
    <Filter Include="Header Files\Interfaces">
      <UniqueIdentifier>{74fe3209-0a02-45fe-bc88-26c1f41e221a}</UniqueIdentifier>
    </Filter>
    <Filter Include="Header Files\BaseNetworking">
      <UniqueIdentifier>{0a12f76f-ed0d-43b9-a99a-c2925fac36fb}</UniqueIdentifier>
    </Filter>
    <Filter Include="Header Files\Networking">
      <UniqueIdentifier>{6d22d4c5-a7a5-4939-84c8-ba84a64157b6}</UniqueIdentifier>
    </Filter>
    <Filter Include="Source Files">
      <UniqueIdentifier>{a6214cb2-60f2-4f42-bcbc-0e34c2e971ea}</UniqueIdentifier>
    </Filter>
    <Filter Include="Source Files\Networking">
      <UniqueIdentifier>{6969cb3c-34b3-472a-ba87-752b643ddc3c}</UniqueIdentifier>
    </Filter>
    <Filter Include="Source Files\GameState">
      <UniqueIdentifier>{5699cfae-e9a1-4f0b-b1c5-26ff1d0d4dfb}</UniqueIdentifier>
    </Filter>
  </ItemGroup>
  <ItemGroup>
    <ClCompile Include="main.cpp">
      <Filter>Source Files</Filter>
    </ClCompile>
    <ClCompile Include="..\src\BaseConnection.cpp">
      <Filter>Source Files</Filter>
    </ClCompile>
    <ClCompile Include="..\src\BaseProcess.cpp">
      <Filter>Source Files</Filter>
    </ClCompile>
    <ClCompile Include="..\src\BaseProcessThread.cpp">
      <Filter>Source Files</Filter>
    </ClCompile>
    <ClCompile Include="..\src\BaseSocket.cpp">
      <Filter>Source Files</Filter>
    </ClCompile>
    <ClCompile Include="..\src\GameState_Server.cpp">
      <Filter>Source Files\GameState</Filter>
    </ClCompile>
    <ClCompile Include="..\src\GameState_StartServer.cpp">
      <Filter>Source Files\GameState</Filter>
    </ClCompile>
    <ClCompile Include="..\src\GameStateMgr.cpp">
      <Filter>Source Files\GameState</Filter>
    </ClCompile>
    <ClCompile Include="..\src\TCPConnection.cpp">
      <Filter>Source Files\Networking</Filter>
    </ClCompile>
    <ClCompile Include="..\src\TCPSocket.cpp">
      <Filter>Source Files\Networking</Filter>
    </ClCompile>
    <ClCompile Include="..\src\TCPConnectionManagerProcess.cpp">
      <Filter>Source Files\Networking</Filter>
    </ClCompile>
    <ClCompile Include="..\src\MasterServer.cpp">
      <Filter>Source Files\Networking</Filter>
    </ClCompile>
    <ClCompile Include="..\src\ServerInfo.cpp">
      <Filter>Source Files\Networking</Filter>
    </ClCompile>
    <ClCompile Include="..\src\Asteroids.cpp">
      <Filter>Source Files</Filter>
    </ClCompile>
    <ClCompile Include="..\src\GameServer.cpp">
      <Filter>Source Files\Networking</Filter>
    </ClCompile>
    <ClCompile Include="..\src\GameState_BasePlay.cpp">
      <Filter>Source Files\GameState</Filter>
    </ClCompile>
    <ClCompile Include="..\src\SequenceNumber.cpp">
      <Filter>Source Files\Networking</Filter>
    </ClCompile>
    <ClCompile Include="..\src\ProtoConnection.cpp">
      <Filter>Source Files\Networking</Filter>
    </ClCompile>
    <ClCompile Include="..\src\ProtoConnectionManagerProcess.cpp">
      <Filter>Source Files\Networking</Filter>
    </ClCompile>
    <ClCompile Include="..\src\ProtoSocket.cpp">
      <Filter>Source Files\Networking</Filter>
    </ClCompile>
    <ClCompile Include="..\src\UDPSocket.cpp">
      <Filter>Source Files\Networking</Filter>
    </ClCompile>
    <ClCompile Include="..\src\MulticastSocket.cpp">
      <Filter>Source Files\Networking</Filter>
    </ClCompile>
    <ClCompile Include="..\src\NetObjectManager.cpp">
      <Filter>Source Files\Networking</Filter>
    </ClCompile>
  </ItemGroup>
  <ItemGroup>
    <ClInclude Include="..\include\GameObject.h">
      <Filter>Header Files</Filter>
    </ClInclude>
    <ClInclude Include="..\include\main.h">
      <Filter>Header Files</Filter>
    </ClInclude>
    <ClInclude Include="..\include\BaseProcessThread.h">
      <Filter>Header Files\BaseThreading</Filter>
    </ClInclude>
    <ClInclude Include="..\include\BaseProcess.h">
      <Filter>Header Files\BaseThreading</Filter>
    </ClInclude>
    <ClInclude Include="..\include\BaseConnection.h">
      <Filter>Header Files\BaseNetworking</Filter>
    </ClInclude>
    <ClInclude Include="..\include\BaseSocket.h">
      <Filter>Header Files\BaseNetworking</Filter>
    </ClInclude>
    <ClInclude Include="..\include\IConnection.h">
      <Filter>Header Files\Interfaces</Filter>
    </ClInclude>
    <ClInclude Include="..\include\ISocket.h">
      <Filter>Header Files\Interfaces</Filter>
    </ClInclude>
    <ClInclude Include="..\include\IProcess.h">
      <Filter>Header Files\Interfaces</Filter>
    </ClInclude>
    <ClInclude Include="..\include\IGameState.h">
      <Filter>Header Files\Interfaces</Filter>
    </ClInclude>
    <ClInclude Include="..\include\ConnectionManager.h">
      <Filter>Header Files\Networking</Filter>
    </ClInclude>
    <ClInclude Include="..\include\GameState_StartServer.h">
      <Filter>Header Files\GameState</Filter>
    </ClInclude>
    <ClInclude Include="..\include\GameStateMgr.h">
      <Filter>Header Files\GameState</Filter>
    </ClInclude>
    <ClInclude Include="..\include\GameState_Server.h">
      <Filter>Header Files\GameState</Filter>
    </ClInclude>
    <ClInclude Include="..\include\TCPConnection.h">
      <Filter>Header Files\Networking</Filter>
    </ClInclude>
    <ClInclude Include="..\include\TCPConnectionManagerProcess.h">
      <Filter>Header Files\Networking</Filter>
    </ClInclude>
    <ClInclude Include="..\include\TCPSocket.h">
      <Filter>Header Files\Networking</Filter>
    </ClInclude>
    <ClInclude Include="..\include\BaseNetMessage.h">
      <Filter>Header Files\BaseNetworking</Filter>
    </ClInclude>
    <ClInclude Include="..\include\ServerInfoNetMessage.h">
      <Filter>Header Files\Networking</Filter>
    </ClInclude>
    <ClInclude Include="..\include\ServerInfo.h">
      <Filter>Header Files\Networking</Filter>
    </ClInclude>
    <ClInclude Include="..\include\ServerListNetMessage.h">
      <Filter>Header Files\Networking</Filter>
    </ClInclude>
    <ClInclude Include="..\include\IProcessThread.h">
      <Filter>Header Files\Networking</Filter>
    </ClInclude>
    <ClInclude Include="..\include\MasterServer.h">
      <Filter>Header Files\Networking</Filter>
    </ClInclude>
    <ClInclude Include="..\include\IServer.h">
      <Filter>Header Files\Interfaces</Filter>
    </ClInclude>
    <ClInclude Include="..\include\GameServer.h">
      <Filter>Header Files\Networking</Filter>
    </ClInclude>
    <ClInclude Include="..\include\SequenceNumber.h">
      <Filter>Header Files\Networking</Filter>
    </ClInclude>
    <ClInclude Include="..\include\Types.h">
      <Filter>Header Files\Networking</Filter>
    </ClInclude>
    <ClInclude Include="..\include\MulticastSocket.h">
      <Filter>Header Files\Networking</Filter>
    </ClInclude>
    <ClInclude Include="..\include\ProtoSocket.h">
      <Filter>Header Files\Networking</Filter>
    </ClInclude>
    <ClInclude Include="..\include\ProtoHeader.h">
      <Filter>Header Files\Networking</Filter>
    </ClInclude>
    <ClInclude Include="..\include\ProtoConnectionManagerProcess.h">
      <Filter>Header Files\Networking</Filter>
    </ClInclude>
    <ClInclude Include="..\include\ProtoConnection.h">
      <Filter>Header Files\Networking</Filter>
    </ClInclude>
    <ClInclude Include="..\include\UDPSocket.h">
      <Filter>Header Files\Networking</Filter>
    </ClInclude>
    <ClInclude Include="..\include\NetObjectManager.h">
      <Filter>Header Files\Networking</Filter>
    </ClInclude>
  </ItemGroup>
  <ItemGroup>
    <None Include="..\src\ConnectionManager.inl">
      <Filter>Source Files\Networking</Filter>
    </None>
  </ItemGroup>
</Project>